<?xml version="1.0" encoding="utf-8"?>
<Project ToolsVersion="4.0" xmlns="http://schemas.microsoft.com/developer/msbuild/2003">
  <ItemGroup>
    <Filter Include="src">
      <UniqueIdentifier>{eab57440-bc6b-4357-bf46-90690867f95b}</UniqueIdentifier>
    </Filter>
    <Filter Include="src\OpenGL Class">
      <UniqueIdentifier>{2364528a-79b7-4fd8-ad3e-c798201477dd}</UniqueIdentifier>
    </Filter>
    <Filter Include="src\Renderer">
      <UniqueIdentifier>{acd7bced-62d7-4332-99a7-a1e053face9b}</UniqueIdentifier>
    </Filter>
    <Filter Include="src\Scenes">
      <UniqueIdentifier>{372efaf5-4953-42f7-9b9d-79caca58c977}</UniqueIdentifier>
    </Filter>
    <Filter Include="src\Scene System">
      <UniqueIdentifier>{3bcf8230-7da7-45bb-903b-dbd5419ce0e7}</UniqueIdentifier>
    </Filter>
    <Filter Include="src\Biomes">
      <UniqueIdentifier>{d286199e-8b7d-4294-8e68-73c99461c608}</UniqueIdentifier>
    </Filter>
    <Filter Include="src\Graphic 2D">
      <UniqueIdentifier>{47dcf353-65e6-4d66-82bf-bd870ba53767}</UniqueIdentifier>
    </Filter>
    <Filter Include="src\Physics 3D">
      <UniqueIdentifier>{236207de-561c-4422-82f4-5561efa369ab}</UniqueIdentifier>
    </Filter>
    <Filter Include="src\Graphic 3D">
      <UniqueIdentifier>{d78edc26-9d13-4a8e-bba1-80e52aa82a04}</UniqueIdentifier>
    </Filter>
    <Filter Include="src\World">
      <UniqueIdentifier>{b56b8c4a-bef0-43b1-a457-565568d967e2}</UniqueIdentifier>
    </Filter>
    <Filter Include="src\Utility">
      <UniqueIdentifier>{f545dfed-77b5-4a7f-9904-9b2c65670e28}</UniqueIdentifier>
    </Filter>
    <Filter Include="src\Client">
      <UniqueIdentifier>{933720be-d677-4d12-a2c4-c392489b5658}</UniqueIdentifier>
    </Filter>
    <Filter Include="src\Player">
      <UniqueIdentifier>{67b54df3-e075-489b-9e83-fe0316669b62}</UniqueIdentifier>
    </Filter>
    <Filter Include="src\World\Chunk System">
      <UniqueIdentifier>{8df37374-8c3e-466a-b608-b4799904cd6d}</UniqueIdentifier>
    </Filter>
    <Filter Include="src\World\Block System">
      <UniqueIdentifier>{6814116c-dc1f-445b-b23c-533b03d09c09}</UniqueIdentifier>
    </Filter>
    <Filter Include="src\World\Chunk System\Chunk Section">
      <UniqueIdentifier>{14341d81-9093-4148-b07b-e7fca44df30d}</UniqueIdentifier>
    </Filter>
    <Filter Include="src\World\Terrain Generate">
      <UniqueIdentifier>{e5a0ef9f-5109-45f0-bb62-196116b439ae}</UniqueIdentifier>
    </Filter>
    <Filter Include="src\Texture">
      <UniqueIdentifier>{57f32329-d153-486f-a2df-26d4bd1d1fce}</UniqueIdentifier>
    </Filter>
    <Filter Include="ImGui">
      <UniqueIdentifier>{9eee2092-9356-4905-89a9-4636ff4d1f22}</UniqueIdentifier>
    </Filter>
  </ItemGroup>
  <ItemGroup>
    <ClCompile Include="src\Physics\BoxCollision.cpp">
      <Filter>src\Physics 3D</Filter>
    </ClCompile>
    <ClCompile Include="src\Renderer\MeshGameObject.cpp">
      <Filter>src\Renderer</Filter>
    </ClCompile>
    <ClCompile Include="src\Renderer\shaderClass.cpp">
      <Filter>src\Renderer</Filter>
    </ClCompile>
    <ClCompile Include="src\Scenes\SceneMainMenu.cpp">
      <Filter>src\Scenes</Filter>
    </ClCompile>
    <ClCompile Include="src\Scene.cpp">
      <Filter>src\Scene System</Filter>
    </ClCompile>
    <ClCompile Include="src\SceneManager.cpp">
      <Filter>src\Scene System</Filter>
    </ClCompile>
    <ClCompile Include="src\SceneMainGame.cpp">
      <Filter>src\Scenes</Filter>
    </ClCompile>
    <ClCompile Include="src\Chunk.cpp">
      <Filter>src\World\Chunk System</Filter>
    </ClCompile>
    <ClCompile Include="src\ChunkManager.cpp">
      <Filter>src\World\Chunk System</Filter>
    </ClCompile>
    <ClCompile Include="src\TerrainGen.cpp">
      <Filter>src\World\Terrain Generate</Filter>
    </ClCompile>
    <ClCompile Include="src\ChunkMeshBuilding.cpp">
      <Filter>src\World\Chunk System</Filter>
    </ClCompile>
    <ClCompile Include="src\ChunkLoader.cpp">
      <Filter>src\World\Chunk System</Filter>
    </ClCompile>
    <ClCompile Include="src\MeshChunk.cpp">
      <Filter>src\World\Chunk System</Filter>
    </ClCompile>
    <ClCompile Include="src\ChunkPooling.cpp">
      <Filter>src\World\Chunk System</Filter>
    </ClCompile>
    <ClCompile Include="src\Physics\Transform.cpp">
      <Filter>src\Physics 3D</Filter>
    </ClCompile>
    <ClCompile Include="src\Physics\VoxelRaycast.cpp">
      <Filter>src\Physics 3D</Filter>
    </ClCompile>
    <ClCompile Include="src\JobUpdateBlock.h">
      <Filter>src\World\Chunk System</Filter>
    </ClCompile>
    <ClCompile Include="src\UIContainer.cpp">
      <Filter>src\Graphic 2D</Filter>
    </ClCompile>
    <ClCompile Include="src\UIMenu.cpp">
      <Filter>src\Graphic 2D</Filter>
    </ClCompile>
    <ClCompile Include="src\UIObject.cpp">
      <Filter>src\Graphic 2D</Filter>
    </ClCompile>
    <ClCompile Include="src\UIText.cpp">
      <Filter>src\Graphic 2D</Filter>
    </ClCompile>
    <ClCompile Include="src\GUI.cpp">
      <Filter>src\Graphic 2D</Filter>
    </ClCompile>
    <ClCompile Include="src\Sprite.cpp">
      <Filter>src\Graphic 2D</Filter>
    </ClCompile>
    <ClCompile Include="src\RectTransform.cpp">
      <Filter>src\Graphic 2D</Filter>
    </ClCompile>
    <ClCompile Include="src\SpriteRenderer.cpp">
      <Filter>src\Graphic 2D</Filter>
    </ClCompile>
    <ClCompile Include="src\Camera.cpp">
      <Filter>src\Graphic 3D</Filter>
    </ClCompile>
    <ClCompile Include="src\Button.cpp">
      <Filter>src\Graphic 2D</Filter>
    </ClCompile>
    <ClCompile Include="src\ComponentManager.cpp">
      <Filter>src\Physics 3D</Filter>
    </ClCompile>
    <ClCompile Include="src\Image.cpp">
      <Filter>src\Graphic 2D</Filter>
    </ClCompile>
    <ClCompile Include="src\GameObject.cpp">
      <Filter>src\Physics 3D</Filter>
    </ClCompile>
    <ClCompile Include="src\World.cpp">
      <Filter>src\World</Filter>
    </ClCompile>
    <ClCompile Include="src\Window.cpp">
      <Filter>src\Graphic 3D</Filter>
    </ClCompile>
    <ClCompile Include="src\GenerateMap\GenerateMap.cpp">
      <Filter>src\World</Filter>
    </ClCompile>
    <ClCompile Include="src\ClientEngine.cpp">
      <Filter>src\Client</Filter>
    </ClCompile>
    <ClCompile Include="src\CameraManager.cpp">
      <Filter>src\Client</Filter>
    </ClCompile>
    <ClCompile Include="src\Input.cpp">
      <Filter>src\Client</Filter>
    </ClCompile>
    <ClCompile Include="src\main.cpp">
      <Filter>src</Filter>
    </ClCompile>
    <ClCompile Include="src\ResourceManager.cpp">
      <Filter>src\Client</Filter>
    </ClCompile>
    <ClCompile Include="src\Game.cpp">
      <Filter>src</Filter>
    </ClCompile>
    <ClCompile Include="src\PlayerController.cpp">
      <Filter>src\Player</Filter>
    </ClCompile>
    <ClCompile Include="src\MeshBlockHighlight.cpp">
      <Filter>src\Player</Filter>
    </ClCompile>
    <ClCompile Include="src\BlockSystem\BlockDatabase.cpp">
      <Filter>src\World\Block System</Filter>
    </ClCompile>
    <ClCompile Include="src\ChunkSection.cpp">
      <Filter>src\World\Chunk System\Chunk Section</Filter>
    </ClCompile>
    <ClCompile Include="src\BlockSystem\BlockModel.cpp">
      <Filter>src\World\Block System</Filter>
    </ClCompile>
    <ClCompile Include="src\glad.c">
      <Filter>src\Client</Filter>
    </ClCompile>
    <ClCompile Include="ImGui\imgui_widgets.cpp">
      <Filter>ImGui</Filter>
    </ClCompile>
    <ClCompile Include="ImGui\imgui.cpp">
      <Filter>ImGui</Filter>
    </ClCompile>
    <ClCompile Include="ImGui\imgui_demo.cpp">
      <Filter>ImGui</Filter>
    </ClCompile>
    <ClCompile Include="ImGui\imgui_draw.cpp">
      <Filter>ImGui</Filter>
    </ClCompile>
    <ClCompile Include="ImGui\imgui_impl_glfw.cpp">
      <Filter>ImGui</Filter>
    </ClCompile>
    <ClCompile Include="ImGui\imgui_impl_opengl3.cpp">
      <Filter>ImGui</Filter>
    </ClCompile>
    <ClCompile Include="ImGui\imgui_tables.cpp">
      <Filter>ImGui</Filter>
    </ClCompile>
    <ClCompile Include="src\Texture.cpp">
      <Filter>src\Texture</Filter>
    </ClCompile>
    <ClCompile Include="src\TextRenderer.cpp">
      <Filter>src\Graphic 2D</Filter>
    </ClCompile>
    <ClCompile Include="src\TextureAtlas.cpp">
      <Filter>src\Texture</Filter>
    </ClCompile>
  </ItemGroup>
  <ItemGroup>
    <ClInclude Include="src\Physics\BoxCollision.h">
      <Filter>src\Physics 3D</Filter>
    </ClInclude>
    <ClInclude Include="src\Physics\GameObject.h">
      <Filter>src\Physics 3D</Filter>
    </ClInclude>
    <ClInclude Include="src\Physics\Transform.h">
      <Filter>src\Physics 3D</Filter>
    </ClInclude>
    <ClInclude Include="src\Renderer\MeshGameObject.h">
      <Filter>src\Renderer</Filter>
    </ClInclude>
    <ClInclude Include="src\Renderer\shaderClass.h">
      <Filter>src\Renderer</Filter>
    </ClInclude>
    <ClInclude Include="src\Scenes\SceneMainGame.h">
      <Filter>src\Scenes</Filter>
    </ClInclude>
    <ClInclude Include="src\Scenes\SceneMainMenu.h">
      <Filter>src\Scenes</Filter>
    </ClInclude>
    <ClInclude Include="src\SceneManager.h">
      <Filter>src\Scene System</Filter>
    </ClInclude>
    <ClInclude Include="src\Scene.h">
      <Filter>src\Scene System</Filter>
    </ClInclude>
    <ClInclude Include="src\Chunk.h">
      <Filter>src\World\Chunk System</Filter>
    </ClInclude>
    <ClInclude Include="src\ChunkManager.h">
      <Filter>src\World\Chunk System</Filter>
    </ClInclude>
    <ClInclude Include="src\TerrainGen.h">
      <Filter>src\World\Terrain Generate</Filter>
    </ClInclude>
    <ClInclude Include="src\ChunkMeshBuilding.h">
      <Filter>src\World\Chunk System</Filter>
    </ClInclude>
    <ClInclude Include="src\ChunkLoader.h">
      <Filter>src\World\Chunk System</Filter>
    </ClInclude>
    <ClInclude Include="src\MeshChunk.h">
      <Filter>src\World\Chunk System</Filter>
    </ClInclude>
    <ClInclude Include="src\ChunkContainer.h">
      <Filter>src\World\Chunk System</Filter>
    </ClInclude>
    <ClInclude Include="src\Biome.h">
      <Filter>src\World\Terrain Generate</Filter>
    </ClInclude>
    <ClInclude Include="src\Biomes\Plant.h">
      <Filter>src\Biomes</Filter>
    </ClInclude>
    <ClInclude Include="src\Biomes\Biomes.h">
      <Filter>src\Biomes</Filter>
    </ClInclude>
    <ClInclude Include="src\ChunkPooling.h">
      <Filter>src\World\Chunk System</Filter>
    </ClInclude>
    <ClInclude Include="src\Physics\Vector.h">
      <Filter>src\Physics 3D</Filter>
    </ClInclude>
    <ClInclude Include="src\Physics\VoxelRaycast.h">
      <Filter>src\Physics 3D</Filter>
    </ClInclude>
    <ClInclude Include="src\OpenGL Class\VAO.h">
      <Filter>src\OpenGL Class</Filter>
    </ClInclude>
    <ClInclude Include="src\OpenGL Class\VBOAndEBO.h">
      <Filter>src\OpenGL Class</Filter>
    </ClInclude>
    <ClInclude Include="src\JobGenerateMesh.h">
      <Filter>src\World\Chunk System</Filter>
    </ClInclude>
    <ClInclude Include="src\BlockSystem\BlockDatabase.h">
      <Filter>src\World\Block System</Filter>
    </ClInclude>
    <ClInclude Include="src\BlockSystem\BlockModel.h">
      <Filter>src\World\Block System</Filter>
    </ClInclude>
    <ClInclude Include="src\UIComponent.h">
      <Filter>src\Graphic 2D</Filter>
    </ClInclude>
    <ClInclude Include="src\UIContainer.h">
      <Filter>src\Graphic 2D</Filter>
    </ClInclude>
    <ClInclude Include="src\UIMenu.h">
      <Filter>src\Graphic 2D</Filter>
    </ClInclude>
    <ClInclude Include="src\UIObject.h">
      <Filter>src\Graphic 2D</Filter>
    </ClInclude>
    <ClInclude Include="src\UIText.h">
      <Filter>src\Graphic 2D</Filter>
    </ClInclude>
    <ClInclude Include="src\GUI.h">
      <Filter>src\Graphic 2D</Filter>
    </ClInclude>
    <ClInclude Include="src\Sprite.h">
      <Filter>src\Graphic 2D</Filter>
    </ClInclude>
    <ClInclude Include="src\RectTransform.h">
      <Filter>src\Graphic 2D</Filter>
    </ClInclude>
    <ClInclude Include="src\Transform2D.h">
      <Filter>src\Graphic 2D</Filter>
    </ClInclude>
    <ClInclude Include="src\SpriteRenderer.h">
      <Filter>src\Graphic 2D</Filter>
    </ClInclude>
    <ClInclude Include="src\AABB.h">
      <Filter>src\Physics 3D</Filter>
    </ClInclude>
    <ClInclude Include="src\Camera.h">
      <Filter>src\Graphic 3D</Filter>
    </ClInclude>
    <ClInclude Include="src\Button.h">
      <Filter>src\Graphic 2D</Filter>
    </ClInclude>
    <ClInclude Include="src\Component.h">
      <Filter>src\Physics 3D</Filter>
    </ClInclude>
    <ClInclude Include="src\ComponentManager.h">
      <Filter>src\Physics 3D</Filter>
    </ClInclude>
    <ClInclude Include="src\Image.h">
      <Filter>src\Graphic 2D</Filter>
    </ClInclude>
    <ClInclude Include="src\GameObject.h">
      <Filter>src\Physics 3D</Filter>
    </ClInclude>
    <ClInclude Include="src\World.h">
      <Filter>src\World</Filter>
    </ClInclude>
    <ClInclude Include="src\Window.h">
      <Filter>src\Graphic 3D</Filter>
    </ClInclude>
    <ClInclude Include="src\SmartUnorderMap.h">
      <Filter>src\Utility</Filter>
    </ClInclude>
    <ClInclude Include="src\SmartMutex.h">
      <Filter>src\Utility</Filter>
    </ClInclude>
    <ClInclude Include="src\SmartQueue.h">
      <Filter>src\Utility</Filter>
    </ClInclude>
    <ClInclude Include="src\Types.h">
      <Filter>src\Utility</Filter>
    </ClInclude>
    <ClInclude Include="src\GenerateMap\GenerateMap.h">
      <Filter>src\World</Filter>
    </ClInclude>
    <ClInclude Include="src\ClientEngine.h">
      <Filter>src\Client</Filter>
    </ClInclude>
    <ClInclude Include="src\CameraManager.h">
      <Filter>src\Client</Filter>
    </ClInclude>
    <ClInclude Include="src\Input.h">
      <Filter>src\Client</Filter>
    </ClInclude>
    <ClInclude Include="src\ResourceManager.h">
      <Filter>src\Client</Filter>
    </ClInclude>
    <ClInclude Include="src\GraphicSetting.h">
      <Filter>src\Client</Filter>
    </ClInclude>
    <ClInclude Include="src\Game.h">
      <Filter>src</Filter>
    </ClInclude>
    <ClInclude Include="src\SmartVector.h">
      <Filter>src\Utility</Filter>
    </ClInclude>
    <ClInclude Include="src\PlayerController.h">
      <Filter>src\Player</Filter>
    </ClInclude>
    <ClInclude Include="src\MeshBlockHighlight.h">
      <Filter>src\Player</Filter>
    </ClInclude>
    <ClInclude Include="src\BlockSystem\Block.h">
      <Filter>src\World\Block System</Filter>
    </ClInclude>
    <ClInclude Include="src\ChunkMarco.h">
      <Filter>src\World\Chunk System</Filter>
    </ClInclude>
    <ClInclude Include="src\JobPopulateChunk.h">
      <Filter>src\World\Chunk System</Filter>
    </ClInclude>
    <ClInclude Include="src\MeshChunkSection.h">
      <Filter>src\World\Chunk System\Chunk Section</Filter>
    </ClInclude>
    <ClInclude Include="src\ChunkSection.h">
      <Filter>src\World\Chunk System\Chunk Section</Filter>
    </ClInclude>
    <ClInclude Include="src\Client\LaunchConfig.h">
      <Filter>src\Client</Filter>
    </ClInclude>
    <ClInclude Include="ImGui\imconfig.h">
      <Filter>ImGui</Filter>
    </ClInclude>
    <ClInclude Include="ImGui\imgui.h">
      <Filter>ImGui</Filter>
    </ClInclude>
    <ClInclude Include="ImGui\imgui_impl_glfw.h">
      <Filter>ImGui</Filter>
    </ClInclude>
    <ClInclude Include="ImGui\imgui_impl_opengl3.h">
      <Filter>ImGui</Filter>
    </ClInclude>
    <ClInclude Include="ImGui\imgui_impl_opengl3_loader.h">
      <Filter>ImGui</Filter>
    </ClInclude>
    <ClInclude Include="ImGui\imgui_internal.h">
      <Filter>ImGui</Filter>
    </ClInclude>
    <ClInclude Include="ImGui\imstb_rectpack.h">
      <Filter>ImGui</Filter>
    </ClInclude>
    <ClInclude Include="ImGui\imstb_textedit.h">
      <Filter>ImGui</Filter>
    </ClInclude>
    <ClInclude Include="ImGui\imstb_truetype.h">
      <Filter>ImGui</Filter>
    </ClInclude>
    <ClInclude Include="src\Texture.h">
      <Filter>src\Texture</Filter>
    </ClInclude>
    <ClInclude Include="src\TextRenderer.h">
      <Filter>src\Graphic 2D</Filter>
    </ClInclude>
    <ClInclude Include="src\TextureAtlas.h">
      <Filter>src\Texture</Filter>
    </ClInclude>
    <ClInclude Include="src\IMutex.h">
      <Filter>src\Utility</Filter>
    </ClInclude>
    <ClInclude Include="src\ImGUILoader.h">
      <Filter>src\Graphic 2D</Filter>
    </ClInclude>
  </ItemGroup>
</Project>