<?xml version="1.0" encoding="utf-8"?>
<Project ToolsVersion="4.0" xmlns="http://schemas.microsoft.com/developer/msbuild/2003">
  <ItemGroup>
    <Filter Include="src">
      <UniqueIdentifier>{eab57440-bc6b-4357-bf46-90690867f95b}</UniqueIdentifier>
    </Filter>
    <Filter Include="src\Physics">
      <UniqueIdentifier>{236207de-561c-4422-82f4-5561efa369ab}</UniqueIdentifier>
    </Filter>
    <Filter Include="src\OpenGL Class">
      <UniqueIdentifier>{2364528a-79b7-4fd8-ad3e-c798201477dd}</UniqueIdentifier>
    </Filter>
    <Filter Include="src\Renderer">
      <UniqueIdentifier>{acd7bced-62d7-4332-99a7-a1e053face9b}</UniqueIdentifier>
    </Filter>
    <Filter Include="src\Scenes">
      <UniqueIdentifier>{372efaf5-4953-42f7-9b9d-79caca58c977}</UniqueIdentifier>
    </Filter>
    <Filter Include="src\Scene System">
      <UniqueIdentifier>{3bcf8230-7da7-45bb-903b-dbd5419ce0e7}</UniqueIdentifier>
    </Filter>
    <Filter Include="src\Chunk System">
      <UniqueIdentifier>{8df37374-8c3e-466a-b608-b4799904cd6d}</UniqueIdentifier>
    </Filter>
    <Filter Include="Scripts Addon Component">
      <UniqueIdentifier>{d68bb134-bb9b-421c-97a3-2211b84de07e}</UniqueIdentifier>
    </Filter>
    <Filter Include="src\Terrain Generate">
      <UniqueIdentifier>{e5a0ef9f-5109-45f0-bb62-196116b439ae}</UniqueIdentifier>
    </Filter>
    <Filter Include="src\Biomes">
      <UniqueIdentifier>{d286199e-8b7d-4294-8e68-73c99461c608}</UniqueIdentifier>
    </Filter>
    <Filter Include="src\Block System">
      <UniqueIdentifier>{6814116c-dc1f-445b-b23c-533b03d09c09}</UniqueIdentifier>
    </Filter>
  </ItemGroup>
  <ItemGroup>
    <ClCompile Include="src\Physics\BoxCollision.cpp">
      <Filter>src\Physics</Filter>
    </ClCompile>
    <ClCompile Include="src\Renderer\MeshGameObject.cpp">
      <Filter>src\Renderer</Filter>
    </ClCompile>
    <ClCompile Include="src\Renderer\shaderClass.cpp">
      <Filter>src\Renderer</Filter>
    </ClCompile>
    <ClCompile Include="src\Scenes\SceneMainMenu.cpp">
      <Filter>src\Scenes</Filter>
    </ClCompile>
    <ClCompile Include="src\UIText.cpp">
      <Filter>src</Filter>
    </ClCompile>
    <ClCompile Include="src\Window.cpp">
      <Filter>src</Filter>
    </ClCompile>
    <ClCompile Include="src\World.cpp">
      <Filter>src</Filter>
    </ClCompile>
    <ClCompile Include="src\Button.cpp">
      <Filter>src</Filter>
    </ClCompile>
    <ClCompile Include="src\Camera.cpp">
      <Filter>src</Filter>
    </ClCompile>
    <ClCompile Include="src\CameraManager.cpp">
      <Filter>src</Filter>
    </ClCompile>
    <ClCompile Include="src\ClientEngine.cpp">
      <Filter>src</Filter>
    </ClCompile>
    <ClCompile Include="src\ComponentManager.cpp">
      <Filter>src</Filter>
    </ClCompile>
    <ClCompile Include="src\Game.cpp">
      <Filter>src</Filter>
    </ClCompile>
    <ClCompile Include="src\GameObject.cpp">
      <Filter>src</Filter>
    </ClCompile>
    <ClCompile Include="src\glad.c">
      <Filter>src</Filter>
    </ClCompile>
    <ClCompile Include="src\GUI.cpp">
      <Filter>src</Filter>
    </ClCompile>
    <ClCompile Include="src\Image.cpp">
      <Filter>src</Filter>
    </ClCompile>
    <ClCompile Include="src\Input.cpp">
      <Filter>src</Filter>
    </ClCompile>
    <ClCompile Include="src\main.cpp">
      <Filter>src</Filter>
    </ClCompile>
    <ClCompile Include="src\Raycast.cpp">
      <Filter>src</Filter>
    </ClCompile>
    <ClCompile Include="src\RectTransform.cpp">
      <Filter>src</Filter>
    </ClCompile>
    <ClCompile Include="src\ResourceManager.cpp">
      <Filter>src</Filter>
    </ClCompile>
    <ClCompile Include="src\Sprite.cpp">
      <Filter>src</Filter>
    </ClCompile>
    <ClCompile Include="src\SpriteRenderer.cpp">
      <Filter>src</Filter>
    </ClCompile>
    <ClCompile Include="src\TextRenderer.cpp">
      <Filter>src</Filter>
    </ClCompile>
    <ClCompile Include="src\Texture.cpp">
      <Filter>src</Filter>
    </ClCompile>
    <ClCompile Include="src\UIContainer.cpp">
      <Filter>src</Filter>
    </ClCompile>
    <ClCompile Include="src\UIMenu.cpp">
      <Filter>src</Filter>
    </ClCompile>
    <ClCompile Include="src\UIObject.cpp">
      <Filter>src</Filter>
    </ClCompile>
    <ClCompile Include="src\Scene.cpp">
      <Filter>src\Scene System</Filter>
    </ClCompile>
    <ClCompile Include="src\SceneManager.cpp">
      <Filter>src\Scene System</Filter>
    </ClCompile>
    <ClCompile Include="src\SceneMainGame.cpp">
      <Filter>src\Scenes</Filter>
    </ClCompile>
    <ClCompile Include="src\Chunk.cpp">
      <Filter>src\Chunk System</Filter>
    </ClCompile>
    <ClCompile Include="src\ChunkManager.cpp">
      <Filter>src\Chunk System</Filter>
    </ClCompile>
    <ClCompile Include="src\PlayerController.cpp">
      <Filter>Scripts Addon Component</Filter>
    </ClCompile>
    <ClCompile Include="src\TerrainGen.cpp">
      <Filter>src\Terrain Generate</Filter>
    </ClCompile>
    <ClCompile Include="src\GenerateMap\GenerateMap.cpp">
      <Filter>src</Filter>
    </ClCompile>
    <ClCompile Include="src\ChunkMeshBuilding.cpp">
      <Filter>src\Chunk System</Filter>
    </ClCompile>
    <ClCompile Include="src\ChunkLoader.cpp">
      <Filter>src\Chunk System</Filter>
    </ClCompile>
    <ClCompile Include="src\MeshChunk.cpp">
      <Filter>src\Chunk System</Filter>
    </ClCompile>
    <ClCompile Include="src\ChunkPooling.cpp">
      <Filter>src\Chunk System</Filter>
    </ClCompile>
    <ClCompile Include="src\Physics\Transform.cpp">
      <Filter>src\Physics</Filter>
    </ClCompile>
    <ClCompile Include="src\Physics\VoxelRaycast.cpp">
      <Filter>src\Physics</Filter>
    </ClCompile>
    <ClCompile Include="src\MeshBlockHighlight.cpp">
      <Filter>src</Filter>
    </ClCompile>
    <ClCompile Include="src\JobUpdateVoxel.h">
      <Filter>src\Chunk System</Filter>
    </ClCompile>
    <ClCompile Include="src\Blocks\BlockDatabase.cpp">
      <Filter>src\Block System</Filter>
    </ClCompile>
  </ItemGroup>
  <ItemGroup>
    <ClInclude Include="src\Physics\BoxCollision.h">
      <Filter>src\Physics</Filter>
    </ClInclude>
    <ClInclude Include="src\Physics\GameObject.h">
      <Filter>src\Physics</Filter>
    </ClInclude>
    <ClInclude Include="src\Physics\Transform.h">
      <Filter>src\Physics</Filter>
    </ClInclude>
    <ClInclude Include="src\Renderer\MeshGameObject.h">
      <Filter>src\Renderer</Filter>
    </ClInclude>
    <ClInclude Include="src\Renderer\shaderClass.h">
      <Filter>src\Renderer</Filter>
    </ClInclude>
    <ClInclude Include="src\Scenes\SceneMainGame.h">
      <Filter>src\Scenes</Filter>
    </ClInclude>
    <ClInclude Include="src\Scenes\SceneMainMenu.h">
      <Filter>src\Scenes</Filter>
    </ClInclude>
    <ClInclude Include="src\UIText.h">
      <Filter>src</Filter>
    </ClInclude>
    <ClInclude Include="src\Voxel.h">
      <Filter>src</Filter>
    </ClInclude>
    <ClInclude Include="src\Window.h">
      <Filter>src</Filter>
    </ClInclude>
    <ClInclude Include="src\World.h">
      <Filter>src</Filter>
    </ClInclude>
    <ClInclude Include="src\AABB.h">
      <Filter>src</Filter>
    </ClInclude>
    <ClInclude Include="src\Button.h">
      <Filter>src</Filter>
    </ClInclude>
    <ClInclude Include="src\Camera.h">
      <Filter>src</Filter>
    </ClInclude>
    <ClInclude Include="src\CameraManager.h">
      <Filter>src</Filter>
    </ClInclude>
    <ClInclude Include="src\ClientEngine.h">
      <Filter>src</Filter>
    </ClInclude>
    <ClInclude Include="src\Component.h">
      <Filter>src</Filter>
    </ClInclude>
    <ClInclude Include="src\ComponentManager.h">
      <Filter>src</Filter>
    </ClInclude>
    <ClInclude Include="src\Game.h">
      <Filter>src</Filter>
    </ClInclude>
    <ClInclude Include="src\GameObject.h">
      <Filter>src</Filter>
    </ClInclude>
    <ClInclude Include="src\GraphicSetting.h">
      <Filter>src</Filter>
    </ClInclude>
    <ClInclude Include="src\GUI.h">
      <Filter>src</Filter>
    </ClInclude>
    <ClInclude Include="src\Image.h">
      <Filter>src</Filter>
    </ClInclude>
    <ClInclude Include="src\Input.h">
      <Filter>src</Filter>
    </ClInclude>
    <ClInclude Include="src\Raycast.h">
      <Filter>src</Filter>
    </ClInclude>
    <ClInclude Include="src\RectTransform.h">
      <Filter>src</Filter>
    </ClInclude>
    <ClInclude Include="src\ResourceManager.h">
      <Filter>src</Filter>
    </ClInclude>
    <ClInclude Include="src\SmartQueue.h">
      <Filter>src</Filter>
    </ClInclude>
    <ClInclude Include="src\Sprite.h">
      <Filter>src</Filter>
    </ClInclude>
    <ClInclude Include="src\SpriteRenderer.h">
      <Filter>src</Filter>
    </ClInclude>
    <ClInclude Include="src\TextRenderer.h">
      <Filter>src</Filter>
    </ClInclude>
    <ClInclude Include="src\Texture.h">
      <Filter>src</Filter>
    </ClInclude>
    <ClInclude Include="src\Transform2D.h">
      <Filter>src</Filter>
    </ClInclude>
    <ClInclude Include="src\UIComponent.h">
      <Filter>src</Filter>
    </ClInclude>
    <ClInclude Include="src\UIContainer.h">
      <Filter>src</Filter>
    </ClInclude>
    <ClInclude Include="src\UIMenu.h">
      <Filter>src</Filter>
    </ClInclude>
    <ClInclude Include="src\UIObject.h">
      <Filter>src</Filter>
    </ClInclude>
    <ClInclude Include="src\SceneManager.h">
      <Filter>src\Scene System</Filter>
    </ClInclude>
    <ClInclude Include="src\Scene.h">
      <Filter>src\Scene System</Filter>
    </ClInclude>
    <ClInclude Include="src\Chunk.h">
      <Filter>src\Chunk System</Filter>
    </ClInclude>
    <ClInclude Include="src\ChunkManager.h">
      <Filter>src\Chunk System</Filter>
    </ClInclude>
    <ClInclude Include="src\PlayerController.h">
      <Filter>Scripts Addon Component</Filter>
    </ClInclude>
    <ClInclude Include="src\TerrainGen.h">
      <Filter>src\Terrain Generate</Filter>
    </ClInclude>
    <ClInclude Include="src\GenerateMap\GenerateMap.h">
      <Filter>src</Filter>
    </ClInclude>
    <ClInclude Include="src\ChunkMeshBuilding.h">
      <Filter>src\Chunk System</Filter>
    </ClInclude>
    <ClInclude Include="src\ChunkLoader.h">
      <Filter>src\Chunk System</Filter>
    </ClInclude>
    <ClInclude Include="src\MeshChunk.h">
      <Filter>src\Chunk System</Filter>
    </ClInclude>
    <ClInclude Include="src\SmartMutex.h">
      <Filter>src</Filter>
    </ClInclude>
    <ClInclude Include="src\ChunkContainer.h">
      <Filter>src\Chunk System</Filter>
    </ClInclude>
    <ClInclude Include="src\Biome.h">
      <Filter>src\Terrain Generate</Filter>
    </ClInclude>
    <ClInclude Include="src\Biomes\Plant.h">
      <Filter>src\Biomes</Filter>
    </ClInclude>
    <ClInclude Include="src\Biomes\Biomes.h">
      <Filter>src\Biomes</Filter>
    </ClInclude>
    <ClInclude Include="src\ChunkPooling.h">
      <Filter>src\Chunk System</Filter>
    </ClInclude>
    <ClInclude Include="src\Types.h">
      <Filter>src</Filter>
    </ClInclude>
    <ClInclude Include="src\SmartUnorderMap.h">
      <Filter>src</Filter>
    </ClInclude>
    <ClInclude Include="src\Physics\Vector.h">
      <Filter>src\Physics</Filter>
    </ClInclude>
    <ClInclude Include="src\Physics\VoxelRaycast.h">
      <Filter>src\Physics</Filter>
    </ClInclude>
    <ClInclude Include="src\MeshBlockHighlight.h">
      <Filter>src</Filter>
    </ClInclude>
    <ClInclude Include="src\OpenGL Class\VAO.h">
      <Filter>src\OpenGL Class</Filter>
    </ClInclude>
    <ClInclude Include="src\OpenGL Class\VBOAndEBO.h">
      <Filter>src\OpenGL Class</Filter>
    </ClInclude>
    <ClInclude Include="src\JobGenerateMesh.h">
      <Filter>src\Chunk System</Filter>
    </ClInclude>
    <ClInclude Include="src\BlockSystem\BlockDatabase.h">
      <Filter>src\Block System</Filter>
    </ClInclude>
    <ClInclude Include="src\BlockSystem\BlockModel.h">
      <Filter>src\Block System</Filter>
    </ClInclude>
    <ClInclude Include="src\MeshChunkVoxelGroup.h">
      <Filter>src\Chunk System</Filter>
    </ClInclude>
  </ItemGroup>
</Project>